// !$*UTF8*$!
{
	archiveVersion = 1;
	classes = {
	};
	objectVersion = 46;
	objects = {

/* Begin PBXBuildFile section */
		FB62A5531D053FF3009075C0 /* AppDelegate.m in Sources */ = {isa = PBXBuildFile; fileRef = FB62A53F1D053FF3009075C0 /* AppDelegate.m */; };
		FB62A5541D053FF3009075C0 /* Assets.xcassets in Resources */ = {isa = PBXBuildFile; fileRef = FB62A5401D053FF3009075C0 /* Assets.xcassets */; };
		FB62A5551D053FF3009075C0 /* LaunchScreen.storyboard in Resources */ = {isa = PBXBuildFile; fileRef = FB62A5411D053FF3009075C0 /* LaunchScreen.storyboard */; };
		FB62A5561D053FF3009075C0 /* Main.storyboard in Resources */ = {isa = PBXBuildFile; fileRef = FB62A5431D053FF3009075C0 /* Main.storyboard */; };
		FB62A5571D053FF3009075C0 /* GameScene.m in Sources */ = {isa = PBXBuildFile; fileRef = FB62A5461D053FF3009075C0 /* GameScene.m */; };
		FB62A5581D053FF3009075C0 /* GameScene.sks in Resources */ = {isa = PBXBuildFile; fileRef = FB62A5471D053FF3009075C0 /* GameScene.sks */; };
		FB62A5591D053FF3009075C0 /* GameViewController.m in Sources */ = {isa = PBXBuildFile; fileRef = FB62A5491D053FF3009075C0 /* GameViewController.m */; };
		FB62A55A1D053FF3009075C0 /* Info.plist in Resources */ = {isa = PBXBuildFile; fileRef = FB62A54A1D053FF3009075C0 /* Info.plist */; };
		FB62A55B1D053FF3009075C0 /* main.m in Sources */ = {isa = PBXBuildFile; fileRef = FB62A54B1D053FF3009075C0 /* main.m */; };
		FB62A55C1D053FF3009075C0 /* RemoteNotificationFileTool.m in Sources */ = {isa = PBXBuildFile; fileRef = FB62A54D1D053FF3009075C0 /* RemoteNotificationFileTool.m */; };
		FBAC336A1D6D43DD00DBA7C7 /* SaveFileTools.m in Sources */ = {isa = PBXBuildFile; fileRef = FBAC33671D6D43DD00DBA7C7 /* SaveFileTools.m */; };
		FBAC336B1D6D43DD00DBA7C7 /* SaveFileToolsManager.m in Sources */ = {isa = PBXBuildFile; fileRef = FBAC33691D6D43DD00DBA7C7 /* SaveFileToolsManager.m */; };
/* End PBXBuildFile section */

/* Begin PBXFileReference section */
		FB62A53E1D053FF3009075C0 /* AppDelegate.h */ = {isa = PBXFileReference; fileEncoding = 4; lastKnownFileType = sourcecode.c.h; path = AppDelegate.h; sourceTree = "<group>"; };
		FB62A53F1D053FF3009075C0 /* AppDelegate.m */ = {isa = PBXFileReference; fileEncoding = 4; lastKnownFileType = sourcecode.c.objc; path = AppDelegate.m; sourceTree = "<group>"; };
		FB62A5401D053FF3009075C0 /* Assets.xcassets */ = {isa = PBXFileReference; lastKnownFileType = folder.assetcatalog; path = Assets.xcassets; sourceTree = "<group>"; };
		FB62A5421D053FF3009075C0 /* Base */ = {isa = PBXFileReference; lastKnownFileType = file.storyboard; name = Base; path = Base.lproj/LaunchScreen.storyboard; sourceTree = "<group>"; };
		FB62A5441D053FF3009075C0 /* Base */ = {isa = PBXFileReference; lastKnownFileType = file.storyboard; name = Base; path = Base.lproj/Main.storyboard; sourceTree = "<group>"; };
		FB62A5451D053FF3009075C0 /* GameScene.h */ = {isa = PBXFileReference; fileEncoding = 4; lastKnownFileType = sourcecode.c.h; path = GameScene.h; sourceTree = "<group>"; };
		FB62A5461D053FF3009075C0 /* GameScene.m */ = {isa = PBXFileReference; fileEncoding = 4; lastKnownFileType = sourcecode.c.objc; path = GameScene.m; sourceTree = "<group>"; };
		FB62A5471D053FF3009075C0 /* GameScene.sks */ = {isa = PBXFileReference; lastKnownFileType = file.sks; path = GameScene.sks; sourceTree = "<group>"; };
		FB62A5481D053FF3009075C0 /* GameViewController.h */ = {isa = PBXFileReference; fileEncoding = 4; lastKnownFileType = sourcecode.c.h; path = GameViewController.h; sourceTree = "<group>"; };
		FB62A5491D053FF3009075C0 /* GameViewController.m */ = {isa = PBXFileReference; fileEncoding = 4; lastKnownFileType = sourcecode.c.objc; path = GameViewController.m; sourceTree = "<group>"; };
		FB62A54A1D053FF3009075C0 /* Info.plist */ = {isa = PBXFileReference; fileEncoding = 4; lastKnownFileType = text.plist.xml; path = Info.plist; sourceTree = "<group>"; };
		FB62A54B1D053FF3009075C0 /* main.m */ = {isa = PBXFileReference; fileEncoding = 4; lastKnownFileType = sourcecode.c.objc; path = main.m; sourceTree = "<group>"; };
		FB62A54C1D053FF3009075C0 /* RemoteNotificationFileTool.h */ = {isa = PBXFileReference; fileEncoding = 4; lastKnownFileType = sourcecode.c.h; path = RemoteNotificationFileTool.h; sourceTree = "<group>"; };
		FB62A54D1D053FF3009075C0 /* RemoteNotificationFileTool.m */ = {isa = PBXFileReference; fileEncoding = 4; lastKnownFileType = sourcecode.c.objc; path = RemoteNotificationFileTool.m; sourceTree = "<group>"; };
		FB7973B01D02BE10003385FB /* TestSaveGame.temp_caseinsensitive_rename.app */ = {isa = PBXFileReference; explicitFileType = wrapper.application; includeInIndex = 0; path = TestSaveGame.temp_caseinsensitive_rename.app; sourceTree = BUILT_PRODUCTS_DIR; };
		FBAC33661D6D43DD00DBA7C7 /* SaveFileTools.h */ = {isa = PBXFileReference; fileEncoding = 4; lastKnownFileType = sourcecode.c.h; path = SaveFileTools.h; sourceTree = "<group>"; };
		FBAC33671D6D43DD00DBA7C7 /* SaveFileTools.m */ = {isa = PBXFileReference; fileEncoding = 4; lastKnownFileType = sourcecode.c.objc; path = SaveFileTools.m; sourceTree = "<group>"; };
		FBAC33681D6D43DD00DBA7C7 /* SaveFileToolsManager.h */ = {isa = PBXFileReference; fileEncoding = 4; lastKnownFileType = sourcecode.c.h; path = SaveFileToolsManager.h; sourceTree = "<group>"; };
		FBAC33691D6D43DD00DBA7C7 /* SaveFileToolsManager.m */ = {isa = PBXFileReference; fileEncoding = 4; lastKnownFileType = sourcecode.c.objc; path = SaveFileToolsManager.m; sourceTree = "<group>"; };
/* End PBXFileReference section */

/* Begin PBXFrameworksBuildPhase section */
		FB7973AD1D02BE10003385FB /* Frameworks */ = {
			isa = PBXFrameworksBuildPhase;
			buildActionMask = 2147483647;
			files = (
			);
			runOnlyForDeploymentPostprocessing = 0;
		};
/* End PBXFrameworksBuildPhase section */

/* Begin PBXGroup section */
		FB62A53D1D053FF3009075C0 /* testSaveGame */ = {
			isa = PBXGroup;
			children = (
				FB62A53E1D053FF3009075C0 /* AppDelegate.h */,
				FB62A53F1D053FF3009075C0 /* AppDelegate.m */,
				FB62A5401D053FF3009075C0 /* Assets.xcassets */,
				FB62A5411D053FF3009075C0 /* LaunchScreen.storyboard */,
				FB62A5431D053FF3009075C0 /* Main.storyboard */,
				FB62A54C1D053FF3009075C0 /* RemoteNotificationFileTool.h */,
				FB62A54D1D053FF3009075C0 /* RemoteNotificationFileTool.m */,
				FB62A5451D053FF3009075C0 /* GameScene.h */,
				FB62A5461D053FF3009075C0 /* GameScene.m */,
				FB62A5471D053FF3009075C0 /* GameScene.sks */,
				FB62A5481D053FF3009075C0 /* GameViewController.h */,
				FB62A5491D053FF3009075C0 /* GameViewController.m */,
				FB62A54A1D053FF3009075C0 /* Info.plist */,
				FB62A54B1D053FF3009075C0 /* main.m */,
			);
			path = testSaveGame;
			sourceTree = "<group>";
		};
		FB7973A71D02BE10003385FB = {
			isa = PBXGroup;
			children = (
				FBAC33651D6D43DD00DBA7C7 /* SaveFileTools */,
				FB62A53D1D053FF3009075C0 /* testSaveGame */,
				FB7973B11D02BE10003385FB /* Products */,
			);
			sourceTree = "<group>";
		};
		FB7973B11D02BE10003385FB /* Products */ = {
			isa = PBXGroup;
			children = (
				FB7973B01D02BE10003385FB /* TestSaveGame.temp_caseinsensitive_rename.app */,
			);
			name = Products;
			sourceTree = "<group>";
		};
		FBAC33651D6D43DD00DBA7C7 /* SaveFileTools */ = {
			isa = PBXGroup;
			children = (
				FBAC33661D6D43DD00DBA7C7 /* SaveFileTools.h */,
				FBAC33671D6D43DD00DBA7C7 /* SaveFileTools.m */,
				FBAC33681D6D43DD00DBA7C7 /* SaveFileToolsManager.h */,
				FBAC33691D6D43DD00DBA7C7 /* SaveFileToolsManager.m */,
			);
			name = SaveFileTools;
			path = ../SaveFileTools;
			sourceTree = "<group>";
		};
/* End PBXGroup section */

/* Begin PBXNativeTarget section */
		FB7973AF1D02BE10003385FB /* testSaveGame */ = {
			isa = PBXNativeTarget;
			buildConfigurationList = FB7973CC1D02BE10003385FB /* Build configuration list for PBXNativeTarget "testSaveGame" */;
			buildPhases = (
				FB7973AC1D02BE10003385FB /* Sources */,
				FB7973AD1D02BE10003385FB /* Frameworks */,
				FB7973AE1D02BE10003385FB /* Resources */,
			);
			buildRules = (
			);
			dependencies = (
			);
			name = testSaveGame;
			productName = testSaveGame;
			productReference = FB7973B01D02BE10003385FB /* TestSaveGame.temp_caseinsensitive_rename.app */;
			productType = "com.apple.product-type.application";
		};
/* End PBXNativeTarget section */

/* Begin PBXProject section */
		FB7973A81D02BE10003385FB /* Project object */ = {
			isa = PBXProject;
			attributes = {
				LastUpgradeCheck = 0730;
				ORGANIZATIONNAME = Coody;
				TargetAttributes = {
					FB7973AF1D02BE10003385FB = {
						CreatedOnToolsVersion = 7.3.1;
					};
				};
			};
			buildConfigurationList = FB7973AB1D02BE10003385FB /* Build configuration list for PBXProject "TestSaveGame" */;
			compatibilityVersion = "Xcode 3.2";
			developmentRegion = English;
			hasScannedForEncodings = 0;
			knownRegions = (
				en,
				Base,
			);
			mainGroup = FB7973A71D02BE10003385FB;
			productRefGroup = FB7973B11D02BE10003385FB /* Products */;
			projectDirPath = "";
			projectRoot = "";
			targets = (
				FB7973AF1D02BE10003385FB /* testSaveGame */,
			);
		};
/* End PBXProject section */

/* Begin PBXResourcesBuildPhase section */
		FB7973AE1D02BE10003385FB /* Resources */ = {
			isa = PBXResourcesBuildPhase;
			buildActionMask = 2147483647;
			files = (
				FB62A5581D053FF3009075C0 /* GameScene.sks in Resources */,
				FB62A5561D053FF3009075C0 /* Main.storyboard in Resources */,
				FB62A5541D053FF3009075C0 /* Assets.xcassets in Resources */,
				FB62A55A1D053FF3009075C0 /* Info.plist in Resources */,
				FB62A5551D053FF3009075C0 /* LaunchScreen.storyboard in Resources */,
			);
			runOnlyForDeploymentPostprocessing = 0;
		};
/* End PBXResourcesBuildPhase section */

/* Begin PBXSourcesBuildPhase section */
		FB7973AC1D02BE10003385FB /* Sources */ = {
			isa = PBXSourcesBuildPhase;
			buildActionMask = 2147483647;
			files = (
				FB62A5571D053FF3009075C0 /* GameScene.m in Sources */,
				FBAC336B1D6D43DD00DBA7C7 /* SaveFileToolsManager.m in Sources */,
				FB62A5591D053FF3009075C0 /* GameViewController.m in Sources */,
				FBAC336A1D6D43DD00DBA7C7 /* SaveFileTools.m in Sources */,
				FB62A55B1D053FF3009075C0 /* main.m in Sources */,
				FB62A5531D053FF3009075C0 /* AppDelegate.m in Sources */,
				FB62A55C1D053FF3009075C0 /* RemoteNotificationFileTool.m in Sources */,
			);
			runOnlyForDeploymentPostprocessing = 0;
		};
/* End PBXSourcesBuildPhase section */

/* Begin PBXVariantGroup section */
		FB62A5411D053FF3009075C0 /* LaunchScreen.storyboard */ = {
			isa = PBXVariantGroup;
			children = (
				FB62A5421D053FF3009075C0 /* Base */,
			);
			name = LaunchScreen.storyboard;
			sourceTree = "<group>";
		};
		FB62A5431D053FF3009075C0 /* Main.storyboard */ = {
			isa = PBXVariantGroup;
			children = (
				FB62A5441D053FF3009075C0 /* Base */,
			);
			name = Main.storyboard;
			sourceTree = "<group>";
		};
/* End PBXVariantGroup section */

/* Begin XCBuildConfiguration section */
		FB7973CA1D02BE10003385FB /* Debug */ = {
			isa = XCBuildConfiguration;
			buildSettings = {
				ALWAYS_SEARCH_USER_PATHS = NO;
				CLANG_ANALYZER_NONNULL = YES;
				CLANG_CXX_LANGUAGE_STANDARD = "gnu++0x";
				CLANG_CXX_LIBRARY = "libc++";
				CLANG_ENABLE_MODULES = YES;
				CLANG_ENABLE_OBJC_ARC = YES;
				CLANG_WARN_BOOL_CONVERSION = YES;
				CLANG_WARN_CONSTANT_CONVERSION = YES;
				CLANG_WARN_DIRECT_OBJC_ISA_USAGE = YES_ERROR;
				CLANG_WARN_EMPTY_BODY = YES;
				CLANG_WARN_ENUM_CONVERSION = YES;
				CLANG_WARN_INT_CONVERSION = YES;
				CLANG_WARN_OBJC_ROOT_CLASS = YES_ERROR;
				CLANG_WARN_UNREACHABLE_CODE = YES;
				CLANG_WARN__DUPLICATE_METHOD_MATCH = YES;
				"CODE_SIGN_IDENTITY[sdk=iphoneos*]" = "iPhone Developer";
				COPY_PHASE_STRIP = NO;
				DEBUG_INFORMATION_FORMAT = "dwarf-with-dsym";
				ENABLE_STRICT_OBJC_MSGSEND = YES;
				ENABLE_TESTABILITY = YES;
				GCC_C_LANGUAGE_STANDARD = gnu99;
				GCC_DYNAMIC_NO_PIC = NO;
				GCC_NO_COMMON_BLOCKS = YES;
				GCC_OPTIMIZATION_LEVEL = 0;
				GCC_PREPROCESSOR_DEFINITIONS = (
					"DEBUG=1",
					"$(inherited)",
				);
				GCC_WARN_64_TO_32_BIT_CONVERSION = YES;
				GCC_WARN_ABOUT_RETURN_TYPE = YES_ERROR;
				GCC_WARN_UNDECLARED_SELECTOR = YES;
				GCC_WARN_UNINITIALIZED_AUTOS = YES_AGGRESSIVE;
				GCC_WARN_UNUSED_FUNCTION = YES;
				GCC_WARN_UNUSED_VARIABLE = YES;
				IPHONEOS_DEPLOYMENT_TARGET = 9.3;
				MTL_ENABLE_DEBUG_INFO = YES;
				ONLY_ACTIVE_ARCH = YES;
				SDKROOT = iphoneos;
			};
			name = Debug;
		};
		FB7973CB1D02BE10003385FB /* Release */ = {
			isa = XCBuildConfiguration;
			buildSettings = {
				ALWAYS_SEARCH_USER_PATHS = NO;
				CLANG_ANALYZER_NONNULL = YES;
				CLANG_CXX_LANGUAGE_STANDARD = "gnu++0x";
				CLANG_CXX_LIBRARY = "libc++";
				CLANG_ENABLE_MODULES = YES;
				CLANG_ENABLE_OBJC_ARC = YES;
				CLANG_WARN_BOOL_CONVERSION = YES;
				CLANG_WARN_CONSTANT_CONVERSION = YES;
				CLANG_WARN_DIRECT_OBJC_ISA_USAGE = YES_ERROR;
				CLANG_WARN_EMPTY_BODY = YES;
				CLANG_WARN_ENUM_CONVERSION = YES;
				CLANG_WARN_INT_CONVERSION = YES;
				CLANG_WARN_OBJC_ROOT_CLASS = YES_ERROR;
				CLANG_WARN_UNREACHABLE_CODE = YES;
				CLANG_WARN__DUPLICATE_METHOD_MATCH = YES;
				"CODE_SIGN_IDENTITY[sdk=iphoneos*]" = "iPhone Developer";
				COPY_PHASE_STRIP = NO;
				DEBUG_INFORMATION_FORMAT = "dwarf-with-dsym";
				ENABLE_NS_ASSERTIONS = NO;
				ENABLE_STRICT_OBJC_MSGSEND = YES;
				GCC_C_LANGUAGE_STANDARD = gnu99;
				GCC_NO_COMMON_BLOCKS = YES;
				GCC_WARN_64_TO_32_BIT_CONVERSION = YES;
				GCC_WARN_ABOUT_RETURN_TYPE = YES_ERROR;
				GCC_WARN_UNDECLARED_SELECTOR = YES;
				GCC_WARN_UNINITIALIZED_AUTOS = YES_AGGRESSIVE;
				GCC_WARN_UNUSED_FUNCTION = YES;
				GCC_WARN_UNUSED_VARIABLE = YES;
				IPHONEOS_DEPLOYMENT_TARGET = 9.3;
				MTL_ENABLE_DEBUG_INFO = NO;
				SDKROOT = iphoneos;
				VALIDATE_PRODUCT = YES;
			};
			name = Release;
		};
		FB7973CD1D02BE10003385FB /* Debug */ = {
			isa = XCBuildConfiguration;
			buildSettings = {
				ASSETCATALOG_COMPILER_APPICON_NAME = AppIcon;
				INFOPLIST_FILE = testSaveGame/Info.plist;
				LD_RUNPATH_SEARCH_PATHS = "$(inherited) @executable_path/Frameworks";
				PRODUCT_BUNDLE_IDENTIFIER = "-.testSaveGame";
				PRODUCT_NAME = TestSaveGame.temp_caseinsensitive_rename;
			};
			name = Debug;
		};
		FB7973CE1D02BE10003385FB /* Release */ = {
			isa = XCBuildConfiguration;
			buildSettings = {
				ASSETCATALOG_COMPILER_APPICON_NAME = AppIcon;
				INFOPLIST_FILE = testSaveGame/Info.plist;
				LD_RUNPATH_SEARCH_PATHS = "$(inherited) @executable_path/Frameworks";
				PRODUCT_BUNDLE_IDENTIFIER = "-.testSaveGame";
				PRODUCT_NAME = TestSaveGame.temp_caseinsensitive_rename;
			};
			name = Release;
		};
/* End XCBuildConfiguration section */

/* Begin XCConfigurationList section */
		FB7973AB1D02BE10003385FB /* Build configuration list for PBXProject "TestSaveGame" */ = {
			isa = XCConfigurationList;
			buildConfigurations = (
				FB7973CA1D02BE10003385FB /* Debug */,
				FB7973CB1D02BE10003385FB /* Release */,
			);
			defaultConfigurationIsVisible = 0;
			defaultConfigurationName = Release;
		};
		FB7973CC1D02BE10003385FB /* Build configuration list for PBXNativeTarget "testSaveGame" */ = {
			isa = XCConfigurationList;
			buildConfigurations = (
				FB7973CD1D02BE10003385FB /* Debug */,
				FB7973CE1D02BE10003385FB /* Release */,
			);
			defaultConfigurationIsVisible = 0;
			defaultConfigurationName = Release;
		};
/* End XCConfigurationList section */
	};
	rootObject = FB7973A81D02BE10003385FB /* Project object */;
}
